
Microsoft Visual Studio Solution File, Format Version 12.00
# Visual Studio Version 16
VisualStudioVersion = 16.0.32126.315
MinimumVisualStudioVersion = 10.0.40219.1
Project("{FAE04EC0-301F-11D3-BF4B-00C04F79EFBC}") = "PumpService", "PumpService\PumpService.csproj", "{2ACBBA5B-9326-49DE-B037-14E3E525983B}"
EndProject
Project("{FAE04EC0-301F-11D3-BF4B-00C04F79EFBC}") = "PumpClient", "PumpClient\PumpClient.csproj", "{F980ACA2-CFC6-468B-A8C8-8EC797F9FDD4}"
	ProjectSection(ProjectDependencies) = postProject
		{2ACBBA5B-9326-49DE-B037-14E3E525983B} = {2ACBBA5B-9326-49DE-B037-14E3E525983B}
	EndProjectSection
EndProject
Global
	GlobalSection(SolutionConfigurationPlatforms) = preSolution
		Debug|Any CPU = Debug|Any CPU
		Release|Any CPU = Release|Any CPU
	EndGlobalSection
	GlobalSection(ProjectConfigurationPlatforms) = postSolution
		{2ACBBA5B-9326-49DE-B037-14E3E525983B}.Debug|Any CPU.ActiveCfg = Debug|Any CPU
		{2ACBBA5B-9326-49DE-B037-14E3E525983B}.Debug|Any CPU.Build.0 = Debug|Any CPU
		{2ACBBA5B-9326-49DE-B037-14E3E525983B}.Release|Any CPU.ActiveCfg = Release|Any CPU
		{2ACBBA5B-9326-49DE-B037-14E3E525983B}.Release|Any CPU.Build.0 = Release|Any CPU
		{F980ACA2-CFC6-468B-A8C8-8EC797F9FDD4}.Debug|Any CPU.ActiveCfg = Debug|Any CPU
		{F980ACA2-CFC6-468B-A8C8-8EC797F9FDD4}.Debug|Any CPU.Build.0 = Debug|Any CPU
		{F980ACA2-CFC6-468B-A8C8-8EC797F9FDD4}.Release|Any CPU.ActiveCfg = Release|Any CPU
		{F980ACA2-CFC6-468B-A8C8-8EC797F9FDD4}.Release|Any CPU.Build.0 = Release|Any CPU
	EndGlobalSection
	GlobalSection(SolutionProperties) = preSolution
		HideSolutionNode = FALSE
	EndGlobalSection
	GlobalSection(ExtensibilityGlobals) = postSolution
		SolutionGuid = {5ECBD67B-41A2-4CE9-9076-614DDCD463B4}
	EndGlobalSection
EndGlobal
